Microsoft Visual Studio Solution File, Format Version 12.00
# Visual Studio 15
VisualStudioVersion = 15.0.26730.10
MinimumVisualStudioVersion = 15.0.26124.0
Project("{9A19103F-16F7-4668-BE54-9A1E7A4F7556}") = "Mup", "Mup\Mup.csproj", "{64D4BBD4-E2B0-46CF-87A5-D38A6D3E7A08}"
EndProject
Project("{9A19103F-16F7-4668-BE54-9A1E7A4F7556}") = "Mup.Tests", "Mup.Tests\Mup.Tests.csproj", "{6B9F3D1C-1A5F-4F87-AF6F-B45906193DD1}"
EndProject
Project("{FAE04EC0-301F-11D3-BF4B-00C04F79EFBC}") = "Mup.Tests.NetCore", "Mup.Tests.NetCore\Mup.Tests.NetCore.csproj", "{B9A7D682-8E1C-4644-AB6F-300F6232BA26}"
EndProject
Project("{FAE04EC0-301F-11D3-BF4B-00C04F79EFBC}") = "Mup.Tests.Net45", "Mup.Tests.Net45\Mup.Tests.Net45.csproj", "{8B32E2DA-6C2C-499D-B943-F4995755F9C4}"
EndProject
Project("{FAE04EC0-301F-11D3-BF4B-00C04F79EFBC}") = "Mup.Tests.Net20", "Mup.Tests.Net20\Mup.Tests.Net20.csproj", "{FFAE5369-D5DA-4FF4-AD4A-43C5F2366726}"
EndProject
Project("{FAE04EC0-301F-11D3-BF4B-00C04F79EFBC}") = "Mup.Tests.NetStandard", "Mup.Tests.NetStandard\Mup.Tests.NetStandard.csproj", "{E95EA9A9-C460-4611-958E-A8ACAD0D1B43}"
EndProject
Global
	GlobalSection(SolutionConfigurationPlatforms) = preSolution
		Debug|Any CPU = Debug|Any CPU
		Debug|x64 = Debug|x64
		Debug|x86 = Debug|x86
		Release|Any CPU = Release|Any CPU
		Release|x64 = Release|x64
		Release|x86 = Release|x86
	EndGlobalSection
	GlobalSection(ProjectConfigurationPlatforms) = postSolution
		{64D4BBD4-E2B0-46CF-87A5-D38A6D3E7A08}.Debug|Any CPU.ActiveCfg = Debug|Any CPU
		{64D4BBD4-E2B0-46CF-87A5-D38A6D3E7A08}.Debug|Any CPU.Build.0 = Debug|Any CPU
		{64D4BBD4-E2B0-46CF-87A5-D38A6D3E7A08}.Debug|x64.ActiveCfg = Debug|Any CPU
		{64D4BBD4-E2B0-46CF-87A5-D38A6D3E7A08}.Debug|x64.Build.0 = Debug|Any CPU
		{64D4BBD4-E2B0-46CF-87A5-D38A6D3E7A08}.Debug|x86.ActiveCfg = Debug|Any CPU
		{64D4BBD4-E2B0-46CF-87A5-D38A6D3E7A08}.Debug|x86.Build.0 = Debug|Any CPU
		{64D4BBD4-E2B0-46CF-87A5-D38A6D3E7A08}.Release|Any CPU.ActiveCfg = Release|Any CPU
		{64D4BBD4-E2B0-46CF-87A5-D38A6D3E7A08}.Release|Any CPU.Build.0 = Release|Any CPU
		{64D4BBD4-E2B0-46CF-87A5-D38A6D3E7A08}.Release|x64.ActiveCfg = Release|Any CPU
		{64D4BBD4-E2B0-46CF-87A5-D38A6D3E7A08}.Release|x64.Build.0 = Release|Any CPU
		{64D4BBD4-E2B0-46CF-87A5-D38A6D3E7A08}.Release|x86.ActiveCfg = Release|Any CPU
		{64D4BBD4-E2B0-46CF-87A5-D38A6D3E7A08}.Release|x86.Build.0 = Release|Any CPU
		{6B9F3D1C-1A5F-4F87-AF6F-B45906193DD1}.Debug|Any CPU.ActiveCfg = Debug|Any CPU
		{6B9F3D1C-1A5F-4F87-AF6F-B45906193DD1}.Debug|Any CPU.Build.0 = Debug|Any CPU
		{6B9F3D1C-1A5F-4F87-AF6F-B45906193DD1}.Debug|x64.ActiveCfg = Debug|Any CPU
		{6B9F3D1C-1A5F-4F87-AF6F-B45906193DD1}.Debug|x64.Build.0 = Debug|Any CPU
		{6B9F3D1C-1A5F-4F87-AF6F-B45906193DD1}.Debug|x86.ActiveCfg = Debug|Any CPU
		{6B9F3D1C-1A5F-4F87-AF6F-B45906193DD1}.Debug|x86.Build.0 = Debug|Any CPU
		{6B9F3D1C-1A5F-4F87-AF6F-B45906193DD1}.Release|Any CPU.ActiveCfg = Release|Any CPU
		{6B9F3D1C-1A5F-4F87-AF6F-B45906193DD1}.Release|Any CPU.Build.0 = Release|Any CPU
		{6B9F3D1C-1A5F-4F87-AF6F-B45906193DD1}.Release|x64.ActiveCfg = Release|Any CPU
		{6B9F3D1C-1A5F-4F87-AF6F-B45906193DD1}.Release|x64.Build.0 = Release|Any CPU
		{6B9F3D1C-1A5F-4F87-AF6F-B45906193DD1}.Release|x86.ActiveCfg = Release|Any CPU
		{6B9F3D1C-1A5F-4F87-AF6F-B45906193DD1}.Release|x86.Build.0 = Release|Any CPU
		{B9A7D682-8E1C-4644-AB6F-300F6232BA26}.Debug|Any CPU.ActiveCfg = Debug|Any CPU
		{B9A7D682-8E1C-4644-AB6F-300F6232BA26}.Debug|Any CPU.Build.0 = Debug|Any CPU
		{B9A7D682-8E1C-4644-AB6F-300F6232BA26}.Debug|x64.ActiveCfg = Debug|x64
		{B9A7D682-8E1C-4644-AB6F-300F6232BA26}.Debug|x64.Build.0 = Debug|x64
		{B9A7D682-8E1C-4644-AB6F-300F6232BA26}.Debug|x86.ActiveCfg = Debug|x86
		{B9A7D682-8E1C-4644-AB6F-300F6232BA26}.Debug|x86.Build.0 = Debug|x86
		{B9A7D682-8E1C-4644-AB6F-300F6232BA26}.Release|Any CPU.ActiveCfg = Release|Any CPU
		{B9A7D682-8E1C-4644-AB6F-300F6232BA26}.Release|Any CPU.Build.0 = Release|Any CPU
		{B9A7D682-8E1C-4644-AB6F-300F6232BA26}.Release|x64.ActiveCfg = Release|x64
		{B9A7D682-8E1C-4644-AB6F-300F6232BA26}.Release|x64.Build.0 = Release|x64
		{B9A7D682-8E1C-4644-AB6F-300F6232BA26}.Release|x86.ActiveCfg = Release|x86
		{B9A7D682-8E1C-4644-AB6F-300F6232BA26}.Release|x86.Build.0 = Release|x86
		{8B32E2DA-6C2C-499D-B943-F4995755F9C4}.Debug|Any CPU.ActiveCfg = Debug|Any CPU
		{8B32E2DA-6C2C-499D-B943-F4995755F9C4}.Debug|Any CPU.Build.0 = Debug|Any CPU
		{8B32E2DA-6C2C-499D-B943-F4995755F9C4}.Debug|x64.ActiveCfg = Debug|x64
		{8B32E2DA-6C2C-499D-B943-F4995755F9C4}.Debug|x64.Build.0 = Debug|x64
		{8B32E2DA-6C2C-499D-B943-F4995755F9C4}.Debug|x86.ActiveCfg = Debug|x86
		{8B32E2DA-6C2C-499D-B943-F4995755F9C4}.Debug|x86.Build.0 = Debug|x86
		{8B32E2DA-6C2C-499D-B943-F4995755F9C4}.Release|Any CPU.ActiveCfg = Release|Any CPU
		{8B32E2DA-6C2C-499D-B943-F4995755F9C4}.Release|Any CPU.Build.0 = Release|Any CPU
		{8B32E2DA-6C2C-499D-B943-F4995755F9C4}.Release|x64.ActiveCfg = Release|x64
		{8B32E2DA-6C2C-499D-B943-F4995755F9C4}.Release|x64.Build.0 = Release|x64
		{8B32E2DA-6C2C-499D-B943-F4995755F9C4}.Release|x86.ActiveCfg = Release|x86
		{8B32E2DA-6C2C-499D-B943-F4995755F9C4}.Release|x86.Build.0 = Release|x86
		{FFAE5369-D5DA-4FF4-AD4A-43C5F2366726}.Debug|Any CPU.ActiveCfg = Debug|Any CPU
		{FFAE5369-D5DA-4FF4-AD4A-43C5F2366726}.Debug|Any CPU.Build.0 = Debug|Any CPU
		{FFAE5369-D5DA-4FF4-AD4A-43C5F2366726}.Debug|x64.ActiveCfg = Debug|x64
		{FFAE5369-D5DA-4FF4-AD4A-43C5F2366726}.Debug|x64.Build.0 = Debug|x64
		{FFAE5369-D5DA-4FF4-AD4A-43C5F2366726}.Debug|x86.ActiveCfg = Debug|x86
		{FFAE5369-D5DA-4FF4-AD4A-43C5F2366726}.Debug|x86.Build.0 = Debug|x86
		{FFAE5369-D5DA-4FF4-AD4A-43C5F2366726}.Release|Any CPU.ActiveCfg = Release|Any CPU
		{FFAE5369-D5DA-4FF4-AD4A-43C5F2366726}.Release|Any CPU.Build.0 = Release|Any CPU
		{FFAE5369-D5DA-4FF4-AD4A-43C5F2366726}.Release|x64.ActiveCfg = Release|x64
		{FFAE5369-D5DA-4FF4-AD4A-43C5F2366726}.Release|x64.Build.0 = Release|x64
		{FFAE5369-D5DA-4FF4-AD4A-43C5F2366726}.Release|x86.ActiveCfg = Release|x86
		{FFAE5369-D5DA-4FF4-AD4A-43C5F2366726}.Release|x86.Build.0 = Release|x86
		{E95EA9A9-C460-4611-958E-A8ACAD0D1B43}.Debug|Any CPU.ActiveCfg = Debug|Any CPU
		{E95EA9A9-C460-4611-958E-A8ACAD0D1B43}.Debug|Any CPU.Build.0 = Debug|Any CPU
		{E95EA9A9-C460-4611-958E-A8ACAD0D1B43}.Debug|x64.ActiveCfg = Debug|x64
		{E95EA9A9-C460-4611-958E-A8ACAD0D1B43}.Debug|x64.Build.0 = Debug|x64
		{E95EA9A9-C460-4611-958E-A8ACAD0D1B43}.Debug|x86.ActiveCfg = Debug|x86
		{E95EA9A9-C460-4611-958E-A8ACAD0D1B43}.Debug|x86.Build.0 = Debug|x86
		{E95EA9A9-C460-4611-958E-A8ACAD0D1B43}.Release|Any CPU.ActiveCfg = Release|Any CPU
		{E95EA9A9-C460-4611-958E-A8ACAD0D1B43}.Release|Any CPU.Build.0 = Release|Any CPU
		{E95EA9A9-C460-4611-958E-A8ACAD0D1B43}.Release|x64.ActiveCfg = Release|x64
		{E95EA9A9-C460-4611-958E-A8ACAD0D1B43}.Release|x64.Build.0 = Release|x64
		{E95EA9A9-C460-4611-958E-A8ACAD0D1B43}.Release|x86.ActiveCfg = Release|x86
		{E95EA9A9-C460-4611-958E-A8ACAD0D1B43}.Release|x86.Build.0 = Release|x86
	EndGlobalSection
	GlobalSection(SolutionProperties) = preSolution
		HideSolutionNode = FALSE
	EndGlobalSection
	GlobalSection(ExtensibilityGlobals) = postSolution
		SolutionGuid = {2816013C-5F7C-43C7-A37E-807140D880F7}
	EndGlobalSection
EndGlobal
